// !$*UTF8*$!
{
	archiveVersion = 1;
	classes = {
	};
	objectVersion = 50;
	objects = {

/* Begin PBXBuildFile section */
		496BC31025E0DD3A007DC6FE /* AppDelegate.swift in Sources */ = {isa = PBXBuildFile; fileRef = 496BC30F25E0DD3A007DC6FE /* AppDelegate.swift */; };
		496BC31225E0DD3A007DC6FE /* SceneDelegate.swift in Sources */ = {isa = PBXBuildFile; fileRef = 496BC31125E0DD3A007DC6FE /* SceneDelegate.swift */; };
		496BC31425E0DD3A007DC6FE /* ViewController.swift in Sources */ = {isa = PBXBuildFile; fileRef = 496BC31325E0DD3A007DC6FE /* ViewController.swift */; };
		496BC31725E0DD3A007DC6FE /* Main.storyboard in Resources */ = {isa = PBXBuildFile; fileRef = 496BC31525E0DD3A007DC6FE /* Main.storyboard */; };
		496BC31925E0DD3D007DC6FE /* Assets.xcassets in Resources */ = {isa = PBXBuildFile; fileRef = 496BC31825E0DD3D007DC6FE /* Assets.xcassets */; };
		496BC31C25E0DD3D007DC6FE /* LaunchScreen.storyboard in Resources */ = {isa = PBXBuildFile; fileRef = 496BC31A25E0DD3D007DC6FE /* LaunchScreen.storyboard */; };
		496BC32625E0DD52007DC6FE /* LocalAuthentication.framework in Frameworks */ = {isa = PBXBuildFile; fileRef = 496BC32525E0DD52007DC6FE /* LocalAuthentication.framework */; };
/* End PBXBuildFile section */

/* Begin PBXFileReference section */
		496BC30C25E0DD3A007DC6FE /* BioMetric.app */ = {isa = PBXFileReference; explicitFileType = wrapper.application; includeInIndex = 0; path = BioMetric.app; sourceTree = BUILT_PRODUCTS_DIR; };
		496BC30F25E0DD3A007DC6FE /* AppDelegate.swift */ = {isa = PBXFileReference; lastKnownFileType = sourcecode.swift; path = AppDelegate.swift; sourceTree = "<group>"; };
		496BC31125E0DD3A007DC6FE /* SceneDelegate.swift */ = {isa = PBXFileReference; lastKnownFileType = sourcecode.swift; path = SceneDelegate.swift; sourceTree = "<group>"; };
		496BC31325E0DD3A007DC6FE /* ViewController.swift */ = {isa = PBXFileReference; lastKnownFileType = sourcecode.swift; path = ViewController.swift; sourceTree = "<group>"; };
		496BC31625E0DD3A007DC6FE /* Base */ = {isa = PBXFileReference; lastKnownFileType = file.storyboard; name = Base; path = Base.lproj/Main.storyboard; sourceTree = "<group>"; };
		496BC31825E0DD3D007DC6FE /* Assets.xcassets */ = {isa = PBXFileReference; lastKnownFileType = folder.assetcatalog; path = Assets.xcassets; sourceTree = "<group>"; };
		496BC31B25E0DD3D007DC6FE /* Base */ = {isa = PBXFileReference; lastKnownFileType = file.storyboard; name = Base; path = Base.lproj/LaunchScreen.storyboard; sourceTree = "<group>"; };
		496BC31D25E0DD3D007DC6FE /* Info.plist */ = {isa = PBXFileReference; lastKnownFileType = text.plist.xml; path = Info.plist; sourceTree = "<group>"; };
		496BC32525E0DD52007DC6FE /* LocalAuthentication.framework */ = {isa = PBXFileReference; lastKnownFileType = wrapper.framework; name = LocalAuthentication.framework; path = System/Library/Frameworks/LocalAuthentication.framework; sourceTree = SDKROOT; };
/* End PBXFileReference section */

/* Begin PBXFrameworksBuildPhase section */
		496BC30925E0DD3A007DC6FE /* Frameworks */ = {
			isa = PBXFrameworksBuildPhase;
			buildActionMask = 2147483647;
			files = (
				496BC32625E0DD52007DC6FE /* LocalAuthentication.framework in Frameworks */,
			);
			runOnlyForDeploymentPostprocessing = 0;
		};
/* End PBXFrameworksBuildPhase section */

/* Begin PBXGroup section */
		496BC30325E0DD3A007DC6FE = {
			isa = PBXGroup;
			children = (
				496BC30E25E0DD3A007DC6FE /* BioMetric */,
				496BC30D25E0DD3A007DC6FE /* Products */,
				496BC32425E0DD51007DC6FE /* Frameworks */,
			);
			sourceTree = "<group>";
		};
		496BC30D25E0DD3A007DC6FE /* Products */ = {
			isa = PBXGroup;
			children = (
				496BC30C25E0DD3A007DC6FE /* BioMetric.app */,
			);
			name = Products;
			sourceTree = "<group>";
		};
		496BC30E25E0DD3A007DC6FE /* BioMetric */ = {
			isa = PBXGroup;
			children = (
				496BC30F25E0DD3A007DC6FE /* AppDelegate.swift */,
				496BC31125E0DD3A007DC6FE /* SceneDelegate.swift */,
				496BC31325E0DD3A007DC6FE /* ViewController.swift */,
				496BC31525E0DD3A007DC6FE /* Main.storyboard */,
				496BC31825E0DD3D007DC6FE /* Assets.xcassets */,
				496BC31A25E0DD3D007DC6FE /* LaunchScreen.storyboard */,
				496BC31D25E0DD3D007DC6FE /* Info.plist */,
			);
			path = BioMetric;
			sourceTree = "<group>";
		};
		496BC32425E0DD51007DC6FE /* Frameworks */ = {
			isa = PBXGroup;
			children = (
				496BC32525E0DD52007DC6FE /* LocalAuthentication.framework */,
			);
			name = Frameworks;
			sourceTree = "<group>";
		};
/* End PBXGroup section */

/* Begin PBXNativeTarget section */
		496BC30B25E0DD3A007DC6FE /* BioMetric */ = {
			isa = PBXNativeTarget;
			buildConfigurationList = 496BC32025E0DD3D007DC6FE /* Build configuration list for PBXNativeTarget "BioMetric" */;
			buildPhases = (
				496BC30825E0DD3A007DC6FE /* Sources */,
				496BC30925E0DD3A007DC6FE /* Frameworks */,
				496BC30A25E0DD3A007DC6FE /* Resources */,
			);
			buildRules = (
			);
			dependencies = (
			);
			name = BioMetric;
			productName = BioMetric;
			productReference = 496BC30C25E0DD3A007DC6FE /* BioMetric.app */;
			productType = "com.apple.product-type.application";
		};
/* End PBXNativeTarget section */

/* Begin PBXProject section */
		496BC30425E0DD3A007DC6FE /* Project object */ = {
			isa = PBXProject;
			attributes = {
				LastSwiftUpdateCheck = 1240;
				LastUpgradeCheck = 1240;
				TargetAttributes = {
					496BC30B25E0DD3A007DC6FE = {
						CreatedOnToolsVersion = 12.4;
					};
				};
			};
			buildConfigurationList = 496BC30725E0DD3A007DC6FE /* Build configuration list for PBXProject "BioMetric" */;
			compatibilityVersion = "Xcode 9.3";
			developmentRegion = en;
			hasScannedForEncodings = 0;
			knownRegions = (
				en,
				Base,
			);
			mainGroup = 496BC30325E0DD3A007DC6FE;
			productRefGroup = 496BC30D25E0DD3A007DC6FE /* Products */;
			projectDirPath = "";
			projectRoot = "";
			targets = (
				496BC30B25E0DD3A007DC6FE /* BioMetric */,
			);
		};
/* End PBXProject section */

/* Begin PBXResourcesBuildPhase section */
		496BC30A25E0DD3A007DC6FE /* Resources */ = {
			isa = PBXResourcesBuildPhase;
			buildActionMask = 2147483647;
			files = (
				496BC31C25E0DD3D007DC6FE /* LaunchScreen.storyboard in Resources */,
				496BC31925E0DD3D007DC6FE /* Assets.xcassets in Resources */,
				496BC31725E0DD3A007DC6FE /* Main.storyboard in Resources */,
			);
			runOnlyForDeploymentPostprocessing = 0;
		};
/* End PBXResourcesBuildPhase section */

/* Begin PBXSourcesBuildPhase section */
		496BC30825E0DD3A007DC6FE /* Sources */ = {
			isa = PBXSourcesBuildPhase;
			buildActionMask = 2147483647;
			files = (
				496BC31425E0DD3A007DC6FE /* ViewController.swift in Sources */,
				496BC31025E0DD3A007DC6FE /* AppDelegate.swift in Sources */,
				496BC31225E0DD3A007DC6FE /* SceneDelegate.swift in Sources */,
			);
			runOnlyForDeploymentPostprocessing = 0;
		};
/* End PBXSourcesBuildPhase section */

/* Begin PBXVariantGroup section */
		496BC31525E0DD3A007DC6FE /* Main.storyboard */ = {
			isa = PBXVariantGroup;
			children = (
				496BC31625E0DD3A007DC6FE /* Base */,
			);
			name = Main.storyboard;
			sourceTree = "<group>";
		};
		496BC31A25E0DD3D007DC6FE /* LaunchScreen.storyboard */ = {
			isa = PBXVariantGroup;
			children = (
				496BC31B25E0DD3D007DC6FE /* Base */,
			);
			name = LaunchScreen.storyboard;
			sourceTree = "<group>";
		};
/* End PBXVariantGroup section */

/* Begin XCBuildConfiguration section */
		496BC31E25E0DD3D007DC6FE /* Debug */ = {
			isa = XCBuildConfiguration;
			buildSettings = {
				ALWAYS_SEARCH_USER_PATHS = NO;
				CLANG_ANALYZER_NONNULL = YES;
				CLANG_ANALYZER_NUMBER_OBJECT_CONVERSION = YES_AGGRESSIVE;
				CLANG_CXX_LANGUAGE_STANDARD = "gnu++14";
				CLANG_CXX_LIBRARY = "libc++";
				CLANG_ENABLE_MODULES = YES;
				CLANG_ENABLE_OBJC_ARC = YES;
				CLANG_ENABLE_OBJC_WEAK = YES;
				CLANG_WARN_BLOCK_CAPTURE_AUTORELEASING = YES;
				CLANG_WARN_BOOL_CONVERSION = YES;
				CLANG_WARN_COMMA = YES;
				CLANG_WARN_CONSTANT_CONVERSION = YES;
				CLANG_WARN_DEPRECATED_OBJC_IMPLEMENTATIONS = YES;
				CLANG_WARN_DIRECT_OBJC_ISA_USAGE = YES_ERROR;
				CLANG_WARN_DOCUMENTATION_COMMENTS = YES;
				CLANG_WARN_EMPTY_BODY = YES;
				CLANG_WARN_ENUM_CONVERSION = YES;
				CLANG_WARN_INFINITE_RECURSION = YES;
				CLANG_WARN_INT_CONVERSION = YES;
				CLANG_WARN_NON_LITERAL_NULL_CONVERSION = YES;
				CLANG_WARN_OBJC_IMPLICIT_RETAIN_SELF = YES;
				CLANG_WARN_OBJC_LITERAL_CONVERSION = YES;
				CLANG_WARN_OBJC_ROOT_CLASS = YES_ERROR;
				CLANG_WARN_QUOTED_INCLUDE_IN_FRAMEWORK_HEADER = YES;
				CLANG_WARN_RANGE_LOOP_ANALYSIS = YES;
				CLANG_WARN_STRICT_PROTOTYPES = YES;
				CLANG_WARN_SUSPICIOUS_MOVE = YES;
				CLANG_WARN_UNGUARDED_AVAILABILITY = YES_AGGRESSIVE;
				CLANG_WARN_UNREACHABLE_CODE = YES;
				CLANG_WARN__DUPLICATE_METHOD_MATCH = YES;
				COPY_PHASE_STRIP = NO;
				DEBUG_INFORMATION_FORMAT = dwarf;
				ENABLE_STRICT_OBJC_MSGSEND = YES;
				ENABLE_TESTABILITY = YES;
				GCC_C_LANGUAGE_STANDARD = gnu11;
				GCC_DYNAMIC_NO_PIC = NO;
				GCC_NO_COMMON_BLOCKS = YES;
				GCC_OPTIMIZATION_LEVEL = 0;
				GCC_PREPROCESSOR_DEFINITIONS = (
					"DEBUG=1",
					"$(inherited)",
				);
				GCC_WARN_64_TO_32_BIT_CONVERSION = YES;
				GCC_WARN_ABOUT_RETURN_TYPE = YES_ERROR;
				GCC_WARN_UNDECLARED_SELECTOR = YES;
				GCC_WARN_UNINITIALIZED_AUTOS = YES_AGGRESSIVE;
				GCC_WARN_UNUSED_FUNCTION = YES;
				GCC_WARN_UNUSED_VARIABLE = YES;
				IPHONEOS_DEPLOYMENT_TARGET = 14.4;
				MTL_ENABLE_DEBUG_INFO = INCLUDE_SOURCE;
				MTL_FAST_MATH = YES;
				ONLY_ACTIVE_ARCH = YES;
				SDKROOT = iphoneos;
				SWIFT_ACTIVE_COMPILATION_CONDITIONS = DEBUG;
				SWIFT_OPTIMIZATION_LEVEL = "-Onone";
			};
			name = Debug;
		};
		496BC31F25E0DD3D007DC6FE /* Release */ = {
			isa = XCBuildConfiguration;
			buildSettings = {
				ALWAYS_SEARCH_USER_PATHS = NO;
				CLANG_ANALYZER_NONNULL = YES;
				CLANG_ANALYZER_NUMBER_OBJECT_CONVERSION = YES_AGGRESSIVE;
				CLANG_CXX_LANGUAGE_STANDARD = "gnu++14";
				CLANG_CXX_LIBRARY = "libc++";
				CLANG_ENABLE_MODULES = YES;
				CLANG_ENABLE_OBJC_ARC = YES;
				CLANG_ENABLE_OBJC_WEAK = YES;
				CLANG_WARN_BLOCK_CAPTURE_AUTORELEASING = YES;
				CLANG_WARN_BOOL_CONVERSION = YES;
				CLANG_WARN_COMMA = YES;
				CLANG_WARN_CONSTANT_CONVERSION = YES;
				CLANG_WARN_DEPRECATED_OBJC_IMPLEMENTATIONS = YES;
				CLANG_WARN_DIRECT_OBJC_ISA_USAGE = YES_ERROR;
				CLANG_WARN_DOCUMENTATION_COMMENTS = YES;
				CLANG_WARN_EMPTY_BODY = YES;
				CLANG_WARN_ENUM_CONVERSION = YES;
				CLANG_WARN_INFINITE_RECURSION = YES;
				CLANG_WARN_INT_CONVERSION = YES;
				CLANG_WARN_NON_LITERAL_NULL_CONVERSION = YES;
				CLANG_WARN_OBJC_IMPLICIT_RETAIN_SELF = YES;
				CLANG_WARN_OBJC_LITERAL_CONVERSION = YES;
				CLANG_WARN_OBJC_ROOT_CLASS = YES_ERROR;
				CLANG_WARN_QUOTED_INCLUDE_IN_FRAMEWORK_HEADER = YES;
				CLANG_WARN_RANGE_LOOP_ANALYSIS = YES;
				CLANG_WARN_STRICT_PROTOTYPES = YES;
				CLANG_WARN_SUSPICIOUS_MOVE = YES;
				CLANG_WARN_UNGUARDED_AVAILABILITY = YES_AGGRESSIVE;
				CLANG_WARN_UNREACHABLE_CODE = YES;
				CLANG_WARN__DUPLICATE_METHOD_MATCH = YES;
				COPY_PHASE_STRIP = NO;
				DEBUG_INFORMATION_FORMAT = "dwarf-with-dsym";
				ENABLE_NS_ASSERTIONS = NO;
				ENABLE_STRICT_OBJC_MSGSEND = YES;
				GCC_C_LANGUAGE_STANDARD = gnu11;
				GCC_NO_COMMON_BLOCKS = YES;
				GCC_WARN_64_TO_32_BIT_CONVERSION = YES;
				GCC_WARN_ABOUT_RETURN_TYPE = YES_ERROR;
				GCC_WARN_UNDECLARED_SELECTOR = YES;
				GCC_WARN_UNINITIALIZED_AUTOS = YES_AGGRESSIVE;
				GCC_WARN_UNUSED_FUNCTION = YES;
				GCC_WARN_UNUSED_VARIABLE = YES;
				IPHONEOS_DEPLOYMENT_TARGET = 14.4;
				MTL_ENABLE_DEBUG_INFO = NO;
				MTL_FAST_MATH = YES;
				SDKROOT = iphoneos;
				SWIFT_COMPILATION_MODE = wholemodule;
				SWIFT_OPTIMIZATION_LEVEL = "-O";
				VALIDATE_PRODUCT = YES;
			};
			name = Release;
		};
		496BC32125E0DD3D007DC6FE /* Debug */ = {
			isa = XCBuildConfiguration;
			buildSettings = {
				ASSETCATALOG_COMPILER_APPICON_NAME = AppIcon;
				ASSETCATALOG_COMPILER_GLOBAL_ACCENT_COLOR_NAME = AccentColor;
				CODE_SIGN_STYLE = Automatic;
				INFOPLIST_FILE = BioMetric/Info.plist;
				LD_RUNPATH_SEARCH_PATHS = (
					"$(inherited)",
					"@executable_path/Frameworks",
				);
				PRODUCT_BUNDLE_IDENTIFIER = Com.aakash.gupta.BioMetric;
				PRODUCT_NAME = "$(TARGET_NAME)";
				SWIFT_VERSION = 5.0;
				TARGETED_DEVICE_FAMILY = "1,2";
			};
			name = Debug;
		};
		496BC32225E0DD3D007DC6FE /* Release */ = {
			isa = XCBuildConfiguration;
			buildSettings = {
				ASSETCATALOG_COMPILER_APPICON_NAME = AppIcon;
				ASSETCATALOG_COMPILER_GLOBAL_ACCENT_COLOR_NAME = AccentColor;
				CODE_SIGN_STYLE = Automatic;
				INFOPLIST_FILE = BioMetric/Info.plist;
				LD_RUNPATH_SEARCH_PATHS = (
					"$(inherited)",
					"@executable_path/Frameworks",
				);
				PRODUCT_BUNDLE_IDENTIFIER = Com.aakash.gupta.BioMetric;
				PRODUCT_NAME = "$(TARGET_NAME)";
				SWIFT_VERSION = 5.0;
				TARGETED_DEVICE_FAMILY = "1,2";
			};
			name = Release;
		};
/* End XCBuildConfiguration section */

/* Begin XCConfigurationList section */
		496BC30725E0DD3A007DC6FE /* Build configuration list for PBXProject "BioMetric" */ = {
			isa = XCConfigurationList;
			buildConfigurations = (
				496BC31E25E0DD3D007DC6FE /* Debug */,
				496BC31F25E0DD3D007DC6FE /* Release */,
			);
			defaultConfigurationIsVisible = 0;
			defaultConfigurationName = Release;
		};
		496BC32025E0DD3D007DC6FE /* Build configuration list for PBXNativeTarget "BioMetric" */ = {
			isa = XCConfigurationList;
			buildConfigurations = (
				496BC32125E0DD3D007DC6FE /* Debug */,
				496BC32225E0DD3D007DC6FE /* Release */,
			);
			defaultConfigurationIsVisible = 0;
			defaultConfigurationName = Release;
		};
/* End XCConfigurationList section */
	};
	rootObject = 496BC30425E0DD3A007DC6FE /* Project object */;
}
